
Microsoft Visual Studio Solution File, Format Version 12.00
# Visual Studio 15
VisualStudioVersion = 15.0.27703.2035
MinimumVisualStudioVersion = 10.0.40219.1
Project("{9092AA53-FB77-4645-B42D-1CCCA6BD08BD}") = "17520076_BTH2", "17520076_BTH2\17520076_BTH2.njsproj", "{B8C439D2-41EA-41F5-A7F8-37C672D282A6}"
EndProject
Global
	GlobalSection(SolutionConfigurationPlatforms) = preSolution
		Debug|Any CPU = Debug|Any CPU
		Release|Any CPU = Release|Any CPU
	EndGlobalSection
	GlobalSection(ProjectConfigurationPlatforms) = postSolution
		{B8C439D2-41EA-41F5-A7F8-37C672D282A6}.Debug|Any CPU.ActiveCfg = Debug|Any CPU
		{B8C439D2-41EA-41F5-A7F8-37C672D282A6}.Debug|Any CPU.Build.0 = Debug|Any CPU
		{B8C439D2-41EA-41F5-A7F8-37C672D282A6}.Release|Any CPU.ActiveCfg = Release|Any CPU
		{B8C439D2-41EA-41F5-A7F8-37C672D282A6}.Release|Any CPU.Build.0 = Release|Any CPU
	EndGlobalSection
	GlobalSection(SolutionProperties) = preSolution
		HideSolutionNode = FALSE
	EndGlobalSection
	GlobalSection(ExtensibilityGlobals) = postSolution
		SolutionGuid = {10CC7CD2-B1FE-45FC-8AC3-89BEB99A80BF}
	EndGlobalSection
EndGlobal
